
Microsoft Visual Studio Solution File, Format Version 12.00
# Visual Studio 14
VisualStudioVersion = 14.0.24720.0
MinimumVisualStudioVersion = 10.0.40219.1
Project("{FAE04EC0-301F-11D3-BF4B-00C04F79EFBC}") = "Airswipe.WinRT.UI", "code\src\Airswipe.WinRT.UI\Airswipe.WinRT.UI.csproj", "{BA3F0EAB-CC02-479B-842B-7699C5408F1F}"
	ProjectSection(ProjectDependencies) = postProject
		{5D6D95CE-4EA9-47AC-88B9-351D06B58638} = {5D6D95CE-4EA9-47AC-88B9-351D06B58638}
	EndProjectSection
EndProject
Project("{FAE04EC0-301F-11D3-BF4B-00C04F79EFBC}") = "Airswipe.WinRT.NatNetPortable", "code\src\Airswipe.WinRT.NatNetPortable\Airswipe.WinRT.NatNetPortable.csproj", "{AAB4A97E-4E77-44E6-BBF3-30AE78E57D6A}"
	ProjectSection(ProjectDependencies) = postProject
		{5D6D95CE-4EA9-47AC-88B9-351D06B58638} = {5D6D95CE-4EA9-47AC-88B9-351D06B58638}
	EndProjectSection
EndProject
Project("{FAE04EC0-301F-11D3-BF4B-00C04F79EFBC}") = "Airswipe.DotNet.FrameWriter", "code\src\Airswipe.DotNet.FrameWriter\Airswipe.DotNet.FrameWriter.csproj", "{09C2A17F-E540-4C5A-BF3F-FE96FFB78C7C}"
EndProject
Project("{8BC9CEB8-8B4A-11D0-8D11-00A0C91BC942}") = "Airswipe.Cpp.SimpleServer", "code\src\Airswipe.Cpp.SimpleServer\Airswipe.Cpp.SimpleServer.vcxproj", "{497EE58D-CA08-4C34-BD3A-7B76F028267A}"
EndProject
Project("{FAE04EC0-301F-11D3-BF4B-00C04F79EFBC}") = "Airswipe.WinRT.Kinect", "code\src\Airswipe.WinRT.Kinect\Airswipe.WinRT.Kinect.csproj", "{E798B5D6-D915-4824-9019-70D9AC9EACAB}"
	ProjectSection(ProjectDependencies) = postProject
		{5D6D95CE-4EA9-47AC-88B9-351D06B58638} = {5D6D95CE-4EA9-47AC-88B9-351D06B58638}
	EndProjectSection
EndProject
Project("{FAE04EC0-301F-11D3-BF4B-00C04F79EFBC}") = "Airswipe.WinRT.Core.Test", "code\test\Airswipe.WinRT.Core.Test\Airswipe.WinRT.Core.Test.csproj", "{E95B684E-E41F-429C-8CC6-E4E681F341FD}"
	ProjectSection(ProjectDependencies) = postProject
		{5D6D95CE-4EA9-47AC-88B9-351D06B58638} = {5D6D95CE-4EA9-47AC-88B9-351D06B58638}
	EndProjectSection
EndProject
Project("{2150E333-8FDC-42A3-9474-1A3956D46DE8}") = "test", "test", "{3F08E8E4-76DE-4A1A-9C93-04D7864B2FE1}"
EndProject
Project("{2150E333-8FDC-42A3-9474-1A3956D46DE8}") = "src", "src", "{95FF116B-F159-4C2D-89E3-D7AE4840DB5C}"
EndProject
Project("{FAE04EC0-301F-11D3-BF4B-00C04F79EFBC}") = "Airswipe.WinRT.Core", "code\src\Airswipe.WinRT.Core\Airswipe.WinRT.Core.csproj", "{5D6D95CE-4EA9-47AC-88B9-351D06B58638}"
EndProject
Project("{FAE04EC0-301F-11D3-BF4B-00C04F79EFBC}") = "Airswipe.WinRT.UI.Core", "code\src\Airswipe.WinRT.UI.Core\Airswipe.WinRT.UI.Core.csproj", "{420B2ACE-797E-4DB5-AD52-095BD0BCA464}"
EndProject
Global
	GlobalSection(SolutionConfigurationPlatforms) = preSolution
		Debug|Any CPU = Debug|Any CPU
		Debug|ARM = Debug|ARM
		Debug|Mixed Platforms = Debug|Mixed Platforms
		Debug|Win32 = Debug|Win32
		Debug|x64 = Debug|x64
		Debug|x86 = Debug|x86
		Release|Any CPU = Release|Any CPU
		Release|ARM = Release|ARM
		Release|Mixed Platforms = Release|Mixed Platforms
		Release|Win32 = Release|Win32
		Release|x64 = Release|x64
		Release|x86 = Release|x86
	EndGlobalSection
	GlobalSection(ProjectConfigurationPlatforms) = postSolution
		{BA3F0EAB-CC02-479B-842B-7699C5408F1F}.Debug|Any CPU.ActiveCfg = Debug|Any CPU
		{BA3F0EAB-CC02-479B-842B-7699C5408F1F}.Debug|Any CPU.Build.0 = Debug|Any CPU
		{BA3F0EAB-CC02-479B-842B-7699C5408F1F}.Debug|Any CPU.Deploy.0 = Debug|Any CPU
		{BA3F0EAB-CC02-479B-842B-7699C5408F1F}.Debug|ARM.ActiveCfg = Debug|ARM
		{BA3F0EAB-CC02-479B-842B-7699C5408F1F}.Debug|ARM.Build.0 = Debug|ARM
		{BA3F0EAB-CC02-479B-842B-7699C5408F1F}.Debug|ARM.Deploy.0 = Debug|ARM
		{BA3F0EAB-CC02-479B-842B-7699C5408F1F}.Debug|Mixed Platforms.ActiveCfg = Debug|x86
		{BA3F0EAB-CC02-479B-842B-7699C5408F1F}.Debug|Win32.ActiveCfg = Debug|x86
		{BA3F0EAB-CC02-479B-842B-7699C5408F1F}.Debug|x64.ActiveCfg = Debug|x64
		{BA3F0EAB-CC02-479B-842B-7699C5408F1F}.Debug|x64.Build.0 = Debug|x64
		{BA3F0EAB-CC02-479B-842B-7699C5408F1F}.Debug|x64.Deploy.0 = Debug|x64
		{BA3F0EAB-CC02-479B-842B-7699C5408F1F}.Debug|x86.ActiveCfg = Debug|x86
		{BA3F0EAB-CC02-479B-842B-7699C5408F1F}.Debug|x86.Build.0 = Debug|x86
		{BA3F0EAB-CC02-479B-842B-7699C5408F1F}.Debug|x86.Deploy.0 = Debug|x86
		{BA3F0EAB-CC02-479B-842B-7699C5408F1F}.Release|Any CPU.ActiveCfg = Debug|Any CPU
		{BA3F0EAB-CC02-479B-842B-7699C5408F1F}.Release|ARM.ActiveCfg = Release|ARM
		{BA3F0EAB-CC02-479B-842B-7699C5408F1F}.Release|ARM.Build.0 = Release|ARM
		{BA3F0EAB-CC02-479B-842B-7699C5408F1F}.Release|ARM.Deploy.0 = Release|ARM
		{BA3F0EAB-CC02-479B-842B-7699C5408F1F}.Release|Mixed Platforms.ActiveCfg = Release|x86
		{BA3F0EAB-CC02-479B-842B-7699C5408F1F}.Release|Win32.ActiveCfg = Release|x86
		{BA3F0EAB-CC02-479B-842B-7699C5408F1F}.Release|x64.ActiveCfg = Release|x64
		{BA3F0EAB-CC02-479B-842B-7699C5408F1F}.Release|x64.Build.0 = Release|x64
		{BA3F0EAB-CC02-479B-842B-7699C5408F1F}.Release|x64.Deploy.0 = Release|x64
		{BA3F0EAB-CC02-479B-842B-7699C5408F1F}.Release|x86.ActiveCfg = Release|x86
		{BA3F0EAB-CC02-479B-842B-7699C5408F1F}.Release|x86.Build.0 = Release|x86
		{BA3F0EAB-CC02-479B-842B-7699C5408F1F}.Release|x86.Deploy.0 = Release|x86
		{AAB4A97E-4E77-44E6-BBF3-30AE78E57D6A}.Debug|Any CPU.ActiveCfg = Debug|Any CPU
		{AAB4A97E-4E77-44E6-BBF3-30AE78E57D6A}.Debug|Any CPU.Build.0 = Debug|Any CPU
		{AAB4A97E-4E77-44E6-BBF3-30AE78E57D6A}.Debug|ARM.ActiveCfg = Debug|Any CPU
		{AAB4A97E-4E77-44E6-BBF3-30AE78E57D6A}.Debug|Mixed Platforms.ActiveCfg = Debug|Any CPU
		{AAB4A97E-4E77-44E6-BBF3-30AE78E57D6A}.Debug|Win32.ActiveCfg = Debug|Any CPU
		{AAB4A97E-4E77-44E6-BBF3-30AE78E57D6A}.Debug|x64.ActiveCfg = Debug|Any CPU
		{AAB4A97E-4E77-44E6-BBF3-30AE78E57D6A}.Debug|x86.ActiveCfg = Debug|Any CPU
		{AAB4A97E-4E77-44E6-BBF3-30AE78E57D6A}.Release|Any CPU.ActiveCfg = Release|Any CPU
		{AAB4A97E-4E77-44E6-BBF3-30AE78E57D6A}.Release|Any CPU.Build.0 = Release|Any CPU
		{AAB4A97E-4E77-44E6-BBF3-30AE78E57D6A}.Release|ARM.ActiveCfg = Release|Any CPU
		{AAB4A97E-4E77-44E6-BBF3-30AE78E57D6A}.Release|Mixed Platforms.ActiveCfg = Release|Any CPU
		{AAB4A97E-4E77-44E6-BBF3-30AE78E57D6A}.Release|Win32.ActiveCfg = Release|Any CPU
		{AAB4A97E-4E77-44E6-BBF3-30AE78E57D6A}.Release|x64.ActiveCfg = Release|Any CPU
		{AAB4A97E-4E77-44E6-BBF3-30AE78E57D6A}.Release|x86.ActiveCfg = Release|Any CPU
		{09C2A17F-E540-4C5A-BF3F-FE96FFB78C7C}.Debug|Any CPU.ActiveCfg = Debug|Any CPU
		{09C2A17F-E540-4C5A-BF3F-FE96FFB78C7C}.Debug|Any CPU.Build.0 = Debug|Any CPU
		{09C2A17F-E540-4C5A-BF3F-FE96FFB78C7C}.Debug|ARM.ActiveCfg = Debug|Any CPU
		{09C2A17F-E540-4C5A-BF3F-FE96FFB78C7C}.Debug|Mixed Platforms.ActiveCfg = Debug|Any CPU
		{09C2A17F-E540-4C5A-BF3F-FE96FFB78C7C}.Debug|Mixed Platforms.Build.0 = Debug|Any CPU
		{09C2A17F-E540-4C5A-BF3F-FE96FFB78C7C}.Debug|Win32.ActiveCfg = Debug|Any CPU
		{09C2A17F-E540-4C5A-BF3F-FE96FFB78C7C}.Debug|Win32.Build.0 = Debug|Any CPU
		{09C2A17F-E540-4C5A-BF3F-FE96FFB78C7C}.Debug|x64.ActiveCfg = Debug|Any CPU
		{09C2A17F-E540-4C5A-BF3F-FE96FFB78C7C}.Debug|x86.ActiveCfg = Debug|Any CPU
		{09C2A17F-E540-4C5A-BF3F-FE96FFB78C7C}.Release|Any CPU.ActiveCfg = Debug|Any CPU
		{09C2A17F-E540-4C5A-BF3F-FE96FFB78C7C}.Release|ARM.ActiveCfg = Release|Any CPU
		{09C2A17F-E540-4C5A-BF3F-FE96FFB78C7C}.Release|Mixed Platforms.ActiveCfg = Release|Any CPU
		{09C2A17F-E540-4C5A-BF3F-FE96FFB78C7C}.Release|Mixed Platforms.Build.0 = Release|Any CPU
		{09C2A17F-E540-4C5A-BF3F-FE96FFB78C7C}.Release|Win32.ActiveCfg = Release|Any CPU
		{09C2A17F-E540-4C5A-BF3F-FE96FFB78C7C}.Release|x64.ActiveCfg = Release|Any CPU
		{09C2A17F-E540-4C5A-BF3F-FE96FFB78C7C}.Release|x86.ActiveCfg = Release|Any CPU
		{497EE58D-CA08-4C34-BD3A-7B76F028267A}.Debug|Any CPU.ActiveCfg = Release|Win32
		{497EE58D-CA08-4C34-BD3A-7B76F028267A}.Debug|ARM.ActiveCfg = Debug|Win32
		{497EE58D-CA08-4C34-BD3A-7B76F028267A}.Debug|Mixed Platforms.ActiveCfg = Debug|Win32
		{497EE58D-CA08-4C34-BD3A-7B76F028267A}.Debug|Mixed Platforms.Build.0 = Debug|Win32
		{497EE58D-CA08-4C34-BD3A-7B76F028267A}.Debug|Win32.ActiveCfg = Release|Win32
		{497EE58D-CA08-4C34-BD3A-7B76F028267A}.Debug|Win32.Build.0 = Release|Win32
		{497EE58D-CA08-4C34-BD3A-7B76F028267A}.Debug|x64.ActiveCfg = Debug|x64
		{497EE58D-CA08-4C34-BD3A-7B76F028267A}.Debug|x64.Build.0 = Debug|x64
		{497EE58D-CA08-4C34-BD3A-7B76F028267A}.Debug|x86.ActiveCfg = Debug|Win32
		{497EE58D-CA08-4C34-BD3A-7B76F028267A}.Debug|x86.Build.0 = Debug|Win32
		{497EE58D-CA08-4C34-BD3A-7B76F028267A}.Release|Any CPU.ActiveCfg = Release|Win32
		{497EE58D-CA08-4C34-BD3A-7B76F028267A}.Release|Any CPU.Build.0 = Release|Win32
		{497EE58D-CA08-4C34-BD3A-7B76F028267A}.Release|ARM.ActiveCfg = Release|Win32
		{497EE58D-CA08-4C34-BD3A-7B76F028267A}.Release|Mixed Platforms.ActiveCfg = Release|Win32
		{497EE58D-CA08-4C34-BD3A-7B76F028267A}.Release|Mixed Platforms.Build.0 = Release|Win32
		{497EE58D-CA08-4C34-BD3A-7B76F028267A}.Release|Win32.ActiveCfg = Release|Win32
		{497EE58D-CA08-4C34-BD3A-7B76F028267A}.Release|Win32.Build.0 = Release|Win32
		{497EE58D-CA08-4C34-BD3A-7B76F028267A}.Release|x64.ActiveCfg = Release|x64
		{497EE58D-CA08-4C34-BD3A-7B76F028267A}.Release|x64.Build.0 = Release|x64
		{497EE58D-CA08-4C34-BD3A-7B76F028267A}.Release|x86.ActiveCfg = Release|Win32
		{497EE58D-CA08-4C34-BD3A-7B76F028267A}.Release|x86.Build.0 = Release|Win32
		{E798B5D6-D915-4824-9019-70D9AC9EACAB}.Debug|Any CPU.ActiveCfg = Debug|Any CPU
		{E798B5D6-D915-4824-9019-70D9AC9EACAB}.Debug|Any CPU.Build.0 = Debug|Any CPU
		{E798B5D6-D915-4824-9019-70D9AC9EACAB}.Debug|ARM.ActiveCfg = Debug|Any CPU
		{E798B5D6-D915-4824-9019-70D9AC9EACAB}.Debug|ARM.Build.0 = Debug|Any CPU
		{E798B5D6-D915-4824-9019-70D9AC9EACAB}.Debug|Mixed Platforms.ActiveCfg = Debug|Any CPU
		{E798B5D6-D915-4824-9019-70D9AC9EACAB}.Debug|Mixed Platforms.Build.0 = Debug|Any CPU
		{E798B5D6-D915-4824-9019-70D9AC9EACAB}.Debug|Win32.ActiveCfg = Debug|Any CPU
		{E798B5D6-D915-4824-9019-70D9AC9EACAB}.Debug|Win32.Build.0 = Debug|Any CPU
		{E798B5D6-D915-4824-9019-70D9AC9EACAB}.Debug|x64.ActiveCfg = Debug|Any CPU
		{E798B5D6-D915-4824-9019-70D9AC9EACAB}.Debug|x64.Build.0 = Debug|Any CPU
		{E798B5D6-D915-4824-9019-70D9AC9EACAB}.Debug|x86.ActiveCfg = Debug|Any CPU
		{E798B5D6-D915-4824-9019-70D9AC9EACAB}.Debug|x86.Build.0 = Debug|Any CPU
		{E798B5D6-D915-4824-9019-70D9AC9EACAB}.Release|Any CPU.ActiveCfg = Release|Any CPU
		{E798B5D6-D915-4824-9019-70D9AC9EACAB}.Release|Any CPU.Build.0 = Release|Any CPU
		{E798B5D6-D915-4824-9019-70D9AC9EACAB}.Release|ARM.ActiveCfg = Release|Any CPU
		{E798B5D6-D915-4824-9019-70D9AC9EACAB}.Release|ARM.Build.0 = Release|Any CPU
		{E798B5D6-D915-4824-9019-70D9AC9EACAB}.Release|Mixed Platforms.ActiveCfg = Release|Any CPU
		{E798B5D6-D915-4824-9019-70D9AC9EACAB}.Release|Mixed Platforms.Build.0 = Release|Any CPU
		{E798B5D6-D915-4824-9019-70D9AC9EACAB}.Release|Win32.ActiveCfg = Release|Any CPU
		{E798B5D6-D915-4824-9019-70D9AC9EACAB}.Release|Win32.Build.0 = Release|Any CPU
		{E798B5D6-D915-4824-9019-70D9AC9EACAB}.Release|x64.ActiveCfg = Release|Any CPU
		{E798B5D6-D915-4824-9019-70D9AC9EACAB}.Release|x64.Build.0 = Release|Any CPU
		{E798B5D6-D915-4824-9019-70D9AC9EACAB}.Release|x86.ActiveCfg = Release|Any CPU
		{E798B5D6-D915-4824-9019-70D9AC9EACAB}.Release|x86.Build.0 = Release|Any CPU
		{E95B684E-E41F-429C-8CC6-E4E681F341FD}.Debug|Any CPU.ActiveCfg = Debug|Any CPU
		{E95B684E-E41F-429C-8CC6-E4E681F341FD}.Debug|Any CPU.Build.0 = Debug|Any CPU
		{E95B684E-E41F-429C-8CC6-E4E681F341FD}.Debug|ARM.ActiveCfg = Debug|Any CPU
		{E95B684E-E41F-429C-8CC6-E4E681F341FD}.Debug|ARM.Build.0 = Debug|Any CPU
		{E95B684E-E41F-429C-8CC6-E4E681F341FD}.Debug|Mixed Platforms.ActiveCfg = Debug|Any CPU
		{E95B684E-E41F-429C-8CC6-E4E681F341FD}.Debug|Mixed Platforms.Build.0 = Debug|Any CPU
		{E95B684E-E41F-429C-8CC6-E4E681F341FD}.Debug|Win32.ActiveCfg = Debug|Any CPU
		{E95B684E-E41F-429C-8CC6-E4E681F341FD}.Debug|Win32.Build.0 = Debug|Any CPU
		{E95B684E-E41F-429C-8CC6-E4E681F341FD}.Debug|x64.ActiveCfg = Debug|Any CPU
		{E95B684E-E41F-429C-8CC6-E4E681F341FD}.Debug|x64.Build.0 = Debug|Any CPU
		{E95B684E-E41F-429C-8CC6-E4E681F341FD}.Debug|x86.ActiveCfg = Debug|Any CPU
		{E95B684E-E41F-429C-8CC6-E4E681F341FD}.Debug|x86.Build.0 = Debug|Any CPU
		{E95B684E-E41F-429C-8CC6-E4E681F341FD}.Release|Any CPU.ActiveCfg = Release|Any CPU
		{E95B684E-E41F-429C-8CC6-E4E681F341FD}.Release|Any CPU.Build.0 = Release|Any CPU
		{E95B684E-E41F-429C-8CC6-E4E681F341FD}.Release|ARM.ActiveCfg = Release|Any CPU
		{E95B684E-E41F-429C-8CC6-E4E681F341FD}.Release|ARM.Build.0 = Release|Any CPU
		{E95B684E-E41F-429C-8CC6-E4E681F341FD}.Release|Mixed Platforms.ActiveCfg = Release|Any CPU
		{E95B684E-E41F-429C-8CC6-E4E681F341FD}.Release|Mixed Platforms.Build.0 = Release|Any CPU
		{E95B684E-E41F-429C-8CC6-E4E681F341FD}.Release|Win32.ActiveCfg = Release|Any CPU
		{E95B684E-E41F-429C-8CC6-E4E681F341FD}.Release|Win32.Build.0 = Release|Any CPU
		{E95B684E-E41F-429C-8CC6-E4E681F341FD}.Release|x64.ActiveCfg = Release|Any CPU
		{E95B684E-E41F-429C-8CC6-E4E681F341FD}.Release|x64.Build.0 = Release|Any CPU
		{E95B684E-E41F-429C-8CC6-E4E681F341FD}.Release|x86.ActiveCfg = Release|Any CPU
		{E95B684E-E41F-429C-8CC6-E4E681F341FD}.Release|x86.Build.0 = Release|Any CPU
		{5D6D95CE-4EA9-47AC-88B9-351D06B58638}.Debug|Any CPU.ActiveCfg = Debug|Any CPU
		{5D6D95CE-4EA9-47AC-88B9-351D06B58638}.Debug|Any CPU.Build.0 = Debug|Any CPU
		{5D6D95CE-4EA9-47AC-88B9-351D06B58638}.Debug|ARM.ActiveCfg = Debug|Any CPU
		{5D6D95CE-4EA9-47AC-88B9-351D06B58638}.Debug|ARM.Build.0 = Debug|Any CPU
		{5D6D95CE-4EA9-47AC-88B9-351D06B58638}.Debug|Mixed Platforms.ActiveCfg = Debug|Any CPU
		{5D6D95CE-4EA9-47AC-88B9-351D06B58638}.Debug|Mixed Platforms.Build.0 = Debug|Any CPU
		{5D6D95CE-4EA9-47AC-88B9-351D06B58638}.Debug|Win32.ActiveCfg = Debug|Any CPU
		{5D6D95CE-4EA9-47AC-88B9-351D06B58638}.Debug|Win32.Build.0 = Debug|Any CPU
		{5D6D95CE-4EA9-47AC-88B9-351D06B58638}.Debug|x64.ActiveCfg = Debug|Any CPU
		{5D6D95CE-4EA9-47AC-88B9-351D06B58638}.Debug|x64.Build.0 = Debug|Any CPU
		{5D6D95CE-4EA9-47AC-88B9-351D06B58638}.Debug|x86.ActiveCfg = Debug|Any CPU
		{5D6D95CE-4EA9-47AC-88B9-351D06B58638}.Debug|x86.Build.0 = Debug|Any CPU
		{5D6D95CE-4EA9-47AC-88B9-351D06B58638}.Release|Any CPU.ActiveCfg = Release|Any CPU
		{5D6D95CE-4EA9-47AC-88B9-351D06B58638}.Release|Any CPU.Build.0 = Release|Any CPU
		{5D6D95CE-4EA9-47AC-88B9-351D06B58638}.Release|ARM.ActiveCfg = Release|Any CPU
		{5D6D95CE-4EA9-47AC-88B9-351D06B58638}.Release|ARM.Build.0 = Release|Any CPU
		{5D6D95CE-4EA9-47AC-88B9-351D06B58638}.Release|Mixed Platforms.ActiveCfg = Release|Any CPU
		{5D6D95CE-4EA9-47AC-88B9-351D06B58638}.Release|Mixed Platforms.Build.0 = Release|Any CPU
		{5D6D95CE-4EA9-47AC-88B9-351D06B58638}.Release|Win32.ActiveCfg = Release|Any CPU
		{5D6D95CE-4EA9-47AC-88B9-351D06B58638}.Release|Win32.Build.0 = Release|Any CPU
		{5D6D95CE-4EA9-47AC-88B9-351D06B58638}.Release|x64.ActiveCfg = Release|Any CPU
		{5D6D95CE-4EA9-47AC-88B9-351D06B58638}.Release|x64.Build.0 = Release|Any CPU
		{5D6D95CE-4EA9-47AC-88B9-351D06B58638}.Release|x86.ActiveCfg = Release|Any CPU
		{5D6D95CE-4EA9-47AC-88B9-351D06B58638}.Release|x86.Build.0 = Release|Any CPU
		{420B2ACE-797E-4DB5-AD52-095BD0BCA464}.Debug|Any CPU.ActiveCfg = Debug|Any CPU
		{420B2ACE-797E-4DB5-AD52-095BD0BCA464}.Debug|Any CPU.Build.0 = Debug|Any CPU
		{420B2ACE-797E-4DB5-AD52-095BD0BCA464}.Debug|ARM.ActiveCfg = Debug|ARM
		{420B2ACE-797E-4DB5-AD52-095BD0BCA464}.Debug|ARM.Build.0 = Debug|ARM
		{420B2ACE-797E-4DB5-AD52-095BD0BCA464}.Debug|Mixed Platforms.ActiveCfg = Debug|x86
		{420B2ACE-797E-4DB5-AD52-095BD0BCA464}.Debug|Mixed Platforms.Build.0 = Debug|x86
		{420B2ACE-797E-4DB5-AD52-095BD0BCA464}.Debug|Win32.ActiveCfg = Debug|x86
		{420B2ACE-797E-4DB5-AD52-095BD0BCA464}.Debug|Win32.Build.0 = Debug|x86
		{420B2ACE-797E-4DB5-AD52-095BD0BCA464}.Debug|x64.ActiveCfg = Debug|x64
		{420B2ACE-797E-4DB5-AD52-095BD0BCA464}.Debug|x64.Build.0 = Debug|x64
		{420B2ACE-797E-4DB5-AD52-095BD0BCA464}.Debug|x86.ActiveCfg = Debug|x86
		{420B2ACE-797E-4DB5-AD52-095BD0BCA464}.Debug|x86.Build.0 = Debug|x86
		{420B2ACE-797E-4DB5-AD52-095BD0BCA464}.Release|Any CPU.ActiveCfg = Release|Any CPU
		{420B2ACE-797E-4DB5-AD52-095BD0BCA464}.Release|Any CPU.Build.0 = Release|Any CPU
		{420B2ACE-797E-4DB5-AD52-095BD0BCA464}.Release|ARM.ActiveCfg = Release|ARM
		{420B2ACE-797E-4DB5-AD52-095BD0BCA464}.Release|ARM.Build.0 = Release|ARM
		{420B2ACE-797E-4DB5-AD52-095BD0BCA464}.Release|Mixed Platforms.ActiveCfg = Release|x86
		{420B2ACE-797E-4DB5-AD52-095BD0BCA464}.Release|Mixed Platforms.Build.0 = Release|x86
		{420B2ACE-797E-4DB5-AD52-095BD0BCA464}.Release|Win32.ActiveCfg = Release|x86
		{420B2ACE-797E-4DB5-AD52-095BD0BCA464}.Release|Win32.Build.0 = Release|x86
		{420B2ACE-797E-4DB5-AD52-095BD0BCA464}.Release|x64.ActiveCfg = Release|x64
		{420B2ACE-797E-4DB5-AD52-095BD0BCA464}.Release|x64.Build.0 = Release|x64
		{420B2ACE-797E-4DB5-AD52-095BD0BCA464}.Release|x86.ActiveCfg = Release|x86
		{420B2ACE-797E-4DB5-AD52-095BD0BCA464}.Release|x86.Build.0 = Release|x86
	EndGlobalSection
	GlobalSection(SolutionProperties) = preSolution
		HideSolutionNode = FALSE
	EndGlobalSection
	GlobalSection(NestedProjects) = preSolution
		{BA3F0EAB-CC02-479B-842B-7699C5408F1F} = {95FF116B-F159-4C2D-89E3-D7AE4840DB5C}
		{AAB4A97E-4E77-44E6-BBF3-30AE78E57D6A} = {95FF116B-F159-4C2D-89E3-D7AE4840DB5C}
		{09C2A17F-E540-4C5A-BF3F-FE96FFB78C7C} = {95FF116B-F159-4C2D-89E3-D7AE4840DB5C}
		{497EE58D-CA08-4C34-BD3A-7B76F028267A} = {95FF116B-F159-4C2D-89E3-D7AE4840DB5C}
		{E798B5D6-D915-4824-9019-70D9AC9EACAB} = {95FF116B-F159-4C2D-89E3-D7AE4840DB5C}
		{E95B684E-E41F-429C-8CC6-E4E681F341FD} = {3F08E8E4-76DE-4A1A-9C93-04D7864B2FE1}
		{5D6D95CE-4EA9-47AC-88B9-351D06B58638} = {95FF116B-F159-4C2D-89E3-D7AE4840DB5C}
		{420B2ACE-797E-4DB5-AD52-095BD0BCA464} = {95FF116B-F159-4C2D-89E3-D7AE4840DB5C}
	EndGlobalSection
EndGlobal
